
Microsoft Visual Studio Solution File, Format Version 12.00
# Visual Studio Version 17
VisualStudioVersion = 17.14.36804.6
MinimumVisualStudioVersion = 10.0.40219.1
Project("{FAE04EC0-301F-11D3-BF4B-00C04F79EFBC}") = "HelloValheim", "HelloValheim\HelloValheim.csproj", "{CE378064-31A5-4CD3-9E9F-2C7479A3C94C}"
EndProject
Project("{FAE04EC0-301F-11D3-BF4B-00C04F79EFBC}") = "UnlimitedStamina", "UnlimitedStamina\UnlimitedStamina.csproj", "{0F0750F9-D25E-4B3E-AE74-318CE8C3FA0E}"
EndProject
Project("{FAE04EC0-301F-11D3-BF4B-00C04F79EFBC}") = "IncreasedCarryWeight", "IncreasedCarryWeight\IncreasedCarryWeight.csproj", "{3EE726B7-409B-4161-9460-2E5551E57A9C}"
EndProject
Project("{FAE04EC0-301F-11D3-BF4B-00C04F79EFBC}") = "ExpandedPlayerInventory", "ExpandedPlayerInventory\ExpandedPlayerInventory.csproj", "{1E8F16A6-C8DE-402C-AABE-13ED34F71AF8}"
EndProject
Project("{FAE04EC0-301F-11D3-BF4B-00C04F79EFBC}") = "ExpandedItemStacks", "ExpandedItemStacks\ExpandedItemStacks.csproj", "{132ACFB5-D248-46A9-BB63-DB790C3C17F4}"
EndProject
Project("{FAE04EC0-301F-11D3-BF4B-00C04F79EFBC}") = "ExpandedPlaceableChests", "ExpandedPlaceableChests\ExpandedPlaceableChests.csproj", "{BD2DDE7B-B78E-439B-9EDD-C6FD54756342}"
EndProject
Project("{FAE04EC0-301F-11D3-BF4B-00C04F79EFBC}") = "DevTools", "DevTools\DevTools.csproj", "{FBC8253C-2A68-4245-AA98-1DCA9E920C0A}"
EndProject
Project("{FAE04EC0-301F-11D3-BF4B-00C04F79EFBC}") = "KeepInventoryOnDeath", "KeepInventoryOnDeath\KeepInventoryOnDeath.csproj", "{EAB3023C-C132-4D50-AC6F-2BF572702D33}"
EndProject
Project("{FAE04EC0-301F-11D3-BF4B-00C04F79EFBC}") = "DismantleEquipment", "DismantleEquipment\DismantleEquipment.csproj", "{846E4A8A-9660-49E4-95B1-824BC617AF41}"
EndProject
Global
	GlobalSection(SolutionConfigurationPlatforms) = preSolution
		Debug|Any CPU = Debug|Any CPU
		Debug|x64 = Debug|x64
		Debug|x86 = Debug|x86
		Release|Any CPU = Release|Any CPU
		Release|x64 = Release|x64
		Release|x86 = Release|x86
	EndGlobalSection
	GlobalSection(ProjectConfigurationPlatforms) = postSolution
		{CE378064-31A5-4CD3-9E9F-2C7479A3C94C}.Debug|Any CPU.ActiveCfg = Debug|Any CPU
		{CE378064-31A5-4CD3-9E9F-2C7479A3C94C}.Debug|Any CPU.Build.0 = Debug|Any CPU
		{CE378064-31A5-4CD3-9E9F-2C7479A3C94C}.Debug|x64.ActiveCfg = Debug|Any CPU
		{CE378064-31A5-4CD3-9E9F-2C7479A3C94C}.Debug|x64.Build.0 = Debug|Any CPU
		{CE378064-31A5-4CD3-9E9F-2C7479A3C94C}.Debug|x86.ActiveCfg = Debug|Any CPU
		{CE378064-31A5-4CD3-9E9F-2C7479A3C94C}.Debug|x86.Build.0 = Debug|Any CPU
		{CE378064-31A5-4CD3-9E9F-2C7479A3C94C}.Release|Any CPU.ActiveCfg = Release|Any CPU
		{CE378064-31A5-4CD3-9E9F-2C7479A3C94C}.Release|Any CPU.Build.0 = Release|Any CPU
		{CE378064-31A5-4CD3-9E9F-2C7479A3C94C}.Release|x64.ActiveCfg = Release|Any CPU
		{CE378064-31A5-4CD3-9E9F-2C7479A3C94C}.Release|x64.Build.0 = Release|Any CPU
		{CE378064-31A5-4CD3-9E9F-2C7479A3C94C}.Release|x86.ActiveCfg = Release|Any CPU
		{CE378064-31A5-4CD3-9E9F-2C7479A3C94C}.Release|x86.Build.0 = Release|Any CPU
		{0F0750F9-D25E-4B3E-AE74-318CE8C3FA0E}.Debug|Any CPU.ActiveCfg = Debug|Any CPU
		{0F0750F9-D25E-4B3E-AE74-318CE8C3FA0E}.Debug|Any CPU.Build.0 = Debug|Any CPU
		{0F0750F9-D25E-4B3E-AE74-318CE8C3FA0E}.Debug|x64.ActiveCfg = Debug|Any CPU
		{0F0750F9-D25E-4B3E-AE74-318CE8C3FA0E}.Debug|x64.Build.0 = Debug|Any CPU
		{0F0750F9-D25E-4B3E-AE74-318CE8C3FA0E}.Debug|x86.ActiveCfg = Debug|Any CPU
		{0F0750F9-D25E-4B3E-AE74-318CE8C3FA0E}.Debug|x86.Build.0 = Debug|Any CPU
		{0F0750F9-D25E-4B3E-AE74-318CE8C3FA0E}.Release|Any CPU.ActiveCfg = Release|Any CPU
		{0F0750F9-D25E-4B3E-AE74-318CE8C3FA0E}.Release|Any CPU.Build.0 = Release|Any CPU
		{0F0750F9-D25E-4B3E-AE74-318CE8C3FA0E}.Release|x64.ActiveCfg = Release|Any CPU
		{0F0750F9-D25E-4B3E-AE74-318CE8C3FA0E}.Release|x64.Build.0 = Release|Any CPU
		{0F0750F9-D25E-4B3E-AE74-318CE8C3FA0E}.Release|x86.ActiveCfg = Release|Any CPU
		{0F0750F9-D25E-4B3E-AE74-318CE8C3FA0E}.Release|x86.Build.0 = Release|Any CPU
		{3EE726B7-409B-4161-9460-2E5551E57A9C}.Debug|Any CPU.ActiveCfg = Debug|Any CPU
		{3EE726B7-409B-4161-9460-2E5551E57A9C}.Debug|Any CPU.Build.0 = Debug|Any CPU
		{3EE726B7-409B-4161-9460-2E5551E57A9C}.Debug|x64.ActiveCfg = Debug|Any CPU
		{3EE726B7-409B-4161-9460-2E5551E57A9C}.Debug|x64.Build.0 = Debug|Any CPU
		{3EE726B7-409B-4161-9460-2E5551E57A9C}.Debug|x86.ActiveCfg = Debug|Any CPU
		{3EE726B7-409B-4161-9460-2E5551E57A9C}.Debug|x86.Build.0 = Debug|Any CPU
		{3EE726B7-409B-4161-9460-2E5551E57A9C}.Release|Any CPU.ActiveCfg = Release|Any CPU
		{3EE726B7-409B-4161-9460-2E5551E57A9C}.Release|Any CPU.Build.0 = Release|Any CPU
		{3EE726B7-409B-4161-9460-2E5551E57A9C}.Release|x64.ActiveCfg = Release|Any CPU
		{3EE726B7-409B-4161-9460-2E5551E57A9C}.Release|x64.Build.0 = Release|Any CPU
		{3EE726B7-409B-4161-9460-2E5551E57A9C}.Release|x86.ActiveCfg = Release|Any CPU
		{3EE726B7-409B-4161-9460-2E5551E57A9C}.Release|x86.Build.0 = Release|Any CPU
		{1E8F16A6-C8DE-402C-AABE-13ED34F71AF8}.Debug|Any CPU.ActiveCfg = Debug|Any CPU
		{1E8F16A6-C8DE-402C-AABE-13ED34F71AF8}.Debug|Any CPU.Build.0 = Debug|Any CPU
		{1E8F16A6-C8DE-402C-AABE-13ED34F71AF8}.Debug|x64.ActiveCfg = Debug|Any CPU
		{1E8F16A6-C8DE-402C-AABE-13ED34F71AF8}.Debug|x64.Build.0 = Debug|Any CPU
		{1E8F16A6-C8DE-402C-AABE-13ED34F71AF8}.Debug|x86.ActiveCfg = Debug|Any CPU
		{1E8F16A6-C8DE-402C-AABE-13ED34F71AF8}.Debug|x86.Build.0 = Debug|Any CPU
		{1E8F16A6-C8DE-402C-AABE-13ED34F71AF8}.Release|Any CPU.ActiveCfg = Release|Any CPU
		{1E8F16A6-C8DE-402C-AABE-13ED34F71AF8}.Release|Any CPU.Build.0 = Release|Any CPU
		{1E8F16A6-C8DE-402C-AABE-13ED34F71AF8}.Release|x64.ActiveCfg = Release|Any CPU
		{1E8F16A6-C8DE-402C-AABE-13ED34F71AF8}.Release|x64.Build.0 = Release|Any CPU
		{1E8F16A6-C8DE-402C-AABE-13ED34F71AF8}.Release|x86.ActiveCfg = Release|Any CPU
		{1E8F16A6-C8DE-402C-AABE-13ED34F71AF8}.Release|x86.Build.0 = Release|Any CPU
		{132ACFB5-D248-46A9-BB63-DB790C3C17F4}.Debug|Any CPU.ActiveCfg = Debug|Any CPU
		{132ACFB5-D248-46A9-BB63-DB790C3C17F4}.Debug|Any CPU.Build.0 = Debug|Any CPU
		{132ACFB5-D248-46A9-BB63-DB790C3C17F4}.Debug|x64.ActiveCfg = Debug|Any CPU
		{132ACFB5-D248-46A9-BB63-DB790C3C17F4}.Debug|x64.Build.0 = Debug|Any CPU
		{132ACFB5-D248-46A9-BB63-DB790C3C17F4}.Debug|x86.ActiveCfg = Debug|Any CPU
		{132ACFB5-D248-46A9-BB63-DB790C3C17F4}.Debug|x86.Build.0 = Debug|Any CPU
		{132ACFB5-D248-46A9-BB63-DB790C3C17F4}.Release|Any CPU.ActiveCfg = Release|Any CPU
		{132ACFB5-D248-46A9-BB63-DB790C3C17F4}.Release|Any CPU.Build.0 = Release|Any CPU
		{132ACFB5-D248-46A9-BB63-DB790C3C17F4}.Release|x64.ActiveCfg = Release|Any CPU
		{132ACFB5-D248-46A9-BB63-DB790C3C17F4}.Release|x64.Build.0 = Release|Any CPU
		{132ACFB5-D248-46A9-BB63-DB790C3C17F4}.Release|x86.ActiveCfg = Release|Any CPU
		{132ACFB5-D248-46A9-BB63-DB790C3C17F4}.Release|x86.Build.0 = Release|Any CPU
		{BD2DDE7B-B78E-439B-9EDD-C6FD54756342}.Debug|Any CPU.ActiveCfg = Debug|Any CPU
		{BD2DDE7B-B78E-439B-9EDD-C6FD54756342}.Debug|Any CPU.Build.0 = Debug|Any CPU
		{BD2DDE7B-B78E-439B-9EDD-C6FD54756342}.Debug|x64.ActiveCfg = Debug|Any CPU
		{BD2DDE7B-B78E-439B-9EDD-C6FD54756342}.Debug|x64.Build.0 = Debug|Any CPU
		{BD2DDE7B-B78E-439B-9EDD-C6FD54756342}.Debug|x86.ActiveCfg = Debug|Any CPU
		{BD2DDE7B-B78E-439B-9EDD-C6FD54756342}.Debug|x86.Build.0 = Debug|Any CPU
		{BD2DDE7B-B78E-439B-9EDD-C6FD54756342}.Release|Any CPU.ActiveCfg = Release|Any CPU
		{BD2DDE7B-B78E-439B-9EDD-C6FD54756342}.Release|Any CPU.Build.0 = Release|Any CPU
		{BD2DDE7B-B78E-439B-9EDD-C6FD54756342}.Release|x64.ActiveCfg = Release|Any CPU
		{BD2DDE7B-B78E-439B-9EDD-C6FD54756342}.Release|x64.Build.0 = Release|Any CPU
		{BD2DDE7B-B78E-439B-9EDD-C6FD54756342}.Release|x86.ActiveCfg = Release|Any CPU
		{BD2DDE7B-B78E-439B-9EDD-C6FD54756342}.Release|x86.Build.0 = Release|Any CPU
		{FBC8253C-2A68-4245-AA98-1DCA9E920C0A}.Debug|Any CPU.ActiveCfg = Debug|Any CPU
		{FBC8253C-2A68-4245-AA98-1DCA9E920C0A}.Debug|Any CPU.Build.0 = Debug|Any CPU
		{FBC8253C-2A68-4245-AA98-1DCA9E920C0A}.Debug|x64.ActiveCfg = Debug|Any CPU
		{FBC8253C-2A68-4245-AA98-1DCA9E920C0A}.Debug|x64.Build.0 = Debug|Any CPU
		{FBC8253C-2A68-4245-AA98-1DCA9E920C0A}.Debug|x86.ActiveCfg = Debug|Any CPU
		{FBC8253C-2A68-4245-AA98-1DCA9E920C0A}.Debug|x86.Build.0 = Debug|Any CPU
		{FBC8253C-2A68-4245-AA98-1DCA9E920C0A}.Release|Any CPU.ActiveCfg = Release|Any CPU
		{FBC8253C-2A68-4245-AA98-1DCA9E920C0A}.Release|Any CPU.Build.0 = Release|Any CPU
		{FBC8253C-2A68-4245-AA98-1DCA9E920C0A}.Release|x64.ActiveCfg = Release|Any CPU
		{FBC8253C-2A68-4245-AA98-1DCA9E920C0A}.Release|x64.Build.0 = Release|Any CPU
		{FBC8253C-2A68-4245-AA98-1DCA9E920C0A}.Release|x86.ActiveCfg = Release|Any CPU
		{FBC8253C-2A68-4245-AA98-1DCA9E920C0A}.Release|x86.Build.0 = Release|Any CPU
		{EAB3023C-C132-4D50-AC6F-2BF572702D33}.Debug|Any CPU.ActiveCfg = Debug|Any CPU
		{EAB3023C-C132-4D50-AC6F-2BF572702D33}.Debug|Any CPU.Build.0 = Debug|Any CPU
		{EAB3023C-C132-4D50-AC6F-2BF572702D33}.Debug|x64.ActiveCfg = Debug|Any CPU
		{EAB3023C-C132-4D50-AC6F-2BF572702D33}.Debug|x64.Build.0 = Debug|Any CPU
		{EAB3023C-C132-4D50-AC6F-2BF572702D33}.Debug|x86.ActiveCfg = Debug|Any CPU
		{EAB3023C-C132-4D50-AC6F-2BF572702D33}.Debug|x86.Build.0 = Debug|Any CPU
		{EAB3023C-C132-4D50-AC6F-2BF572702D33}.Release|Any CPU.ActiveCfg = Release|Any CPU
		{EAB3023C-C132-4D50-AC6F-2BF572702D33}.Release|Any CPU.Build.0 = Release|Any CPU
		{EAB3023C-C132-4D50-AC6F-2BF572702D33}.Release|x64.ActiveCfg = Release|Any CPU
		{EAB3023C-C132-4D50-AC6F-2BF572702D33}.Release|x64.Build.0 = Release|Any CPU
		{EAB3023C-C132-4D50-AC6F-2BF572702D33}.Release|x86.ActiveCfg = Release|Any CPU
		{EAB3023C-C132-4D50-AC6F-2BF572702D33}.Release|x86.Build.0 = Release|Any CPU
		{846E4A8A-9660-49E4-95B1-824BC617AF41}.Debug|Any CPU.ActiveCfg = Debug|Any CPU
		{846E4A8A-9660-49E4-95B1-824BC617AF41}.Debug|Any CPU.Build.0 = Debug|Any CPU
		{846E4A8A-9660-49E4-95B1-824BC617AF41}.Debug|x64.ActiveCfg = Debug|Any CPU
		{846E4A8A-9660-49E4-95B1-824BC617AF41}.Debug|x64.Build.0 = Debug|Any CPU
		{846E4A8A-9660-49E4-95B1-824BC617AF41}.Debug|x86.ActiveCfg = Debug|Any CPU
		{846E4A8A-9660-49E4-95B1-824BC617AF41}.Debug|x86.Build.0 = Debug|Any CPU
		{846E4A8A-9660-49E4-95B1-824BC617AF41}.Release|Any CPU.ActiveCfg = Release|Any CPU
		{846E4A8A-9660-49E4-95B1-824BC617AF41}.Release|Any CPU.Build.0 = Release|Any CPU
		{846E4A8A-9660-49E4-95B1-824BC617AF41}.Release|x64.ActiveCfg = Release|Any CPU
		{846E4A8A-9660-49E4-95B1-824BC617AF41}.Release|x64.Build.0 = Release|Any CPU
		{846E4A8A-9660-49E4-95B1-824BC617AF41}.Release|x86.ActiveCfg = Release|Any CPU
		{846E4A8A-9660-49E4-95B1-824BC617AF41}.Release|x86.Build.0 = Release|Any CPU
	EndGlobalSection
	GlobalSection(SolutionProperties) = preSolution
		HideSolutionNode = FALSE
	EndGlobalSection
	GlobalSection(ExtensibilityGlobals) = postSolution
		SolutionGuid = {16D9C513-9E23-485B-BDF1-244ABCD3ED71}
	EndGlobalSection
EndGlobal
